
Microsoft Visual Studio Solution File, Format Version 12.00
# Visual Studio 14
VisualStudioVersion = 14.0.25420.1
MinimumVisualStudioVersion = 10.0.40219.1
Project("{FAE04EC0-301F-11D3-BF4B-00C04F79EFBC}") = "Assignment2", "Assignment2.csproj", "{05987536-72A2-4468-AD85-3C2ED0174C6E}"
EndProject
Global
	GlobalSection(SolutionConfigurationPlatforms) = preSolution
		Debug|Any CPU = Debug|Any CPU
		Release|Any CPU = Release|Any CPU
	EndGlobalSection
	GlobalSection(ProjectConfigurationPlatforms) = postSolution
		{05987536-72A2-4468-AD85-3C2ED0174C6E}.Debug|Any CPU.ActiveCfg = Debug|Any CPU
		{05987536-72A2-4468-AD85-3C2ED0174C6E}.Debug|Any CPU.Build.0 = Debug|Any CPU
		{05987536-72A2-4468-AD85-3C2ED0174C6E}.Release|Any CPU.ActiveCfg = Release|Any CPU
		{05987536-72A2-4468-AD85-3C2ED0174C6E}.Release|Any CPU.Build.0 = Release|Any CPU
	EndGlobalSection
	GlobalSection(SolutionProperties) = preSolution
		HideSolutionNode = FALSE
	EndGlobalSection
EndGlobal
